{
  "name": "firefox",
  "lockfileVersion": 3,
  "requires": true,
  "packages": {
    "": {
      "devDependencies": {
        "@types/firefox-webext-browser": "^120.0.0"
      }
    },
    "node_modules/@types/firefox-webext-browser": {
      "version": "120.0.5",
      "resolved": "https://registry.npmjs.org/@types/firefox-webext-browser/-/firefox-webext-browser-120.0.5.tgz",
      "integrity": "sha512-imn8ecga0HQWcOSvxy9i0lD+7vpHgkj1NVLvXS1lNHqHt03Z4QwazeEdoWe+C9JXpmVyKiRanb+z9D/w001tRg==",
      "dev": true,
      "license": "MIT"
    }
  }
}
